// !$*UTF8*$!
{
	archiveVersion = 1;
	classes = {
	};
	objectVersion = 46;
	objects = {

/* Begin PBXBuildFile section */
		01108525145EA4DD00888F86 /* MediaPlayer.framework in Frameworks */ = {isa = PBXBuildFile; fileRef = 01108524145EA4DD00888F86 /* MediaPlayer.framework */; };
		017CD8F91465B862006832C8 /* sharethissongMainViewController.m in Sources */ = {isa = PBXBuildFile; fileRef = 017CD8FA1465B862006832C8 /* sharethissongMainViewController.m */; };
		017CD8FD1465BA7A006832C8 /* Localizable.strings in Resources */ = {isa = PBXBuildFile; fileRef = 017CD8FF1465BA7A006832C8 /* Localizable.strings */; };
		017CD90D1465D179006832C8 /* air-leather-iphone4.jpg in Resources */ = {isa = PBXBuildFile; fileRef = 017CD9061465D179006832C8 /* air-leather-iphone4.jpg */; };
		017CD90E1465D179006832C8 /* ego_bg_ipad.png in Resources */ = {isa = PBXBuildFile; fileRef = 017CD9071465D179006832C8 /* ego_bg_ipad.png */; };
		017CD90F1465D179006832C8 /* ego_bg_iphone4.png in Resources */ = {isa = PBXBuildFile; fileRef = 017CD9081465D179006832C8 /* ego_bg_iphone4.png */; };
		017CD9111465D179006832C8 /* Grey Button.png in Resources */ = {isa = PBXBuildFile; fileRef = 017CD90A1465D179006832C8 /* Grey Button.png */; };
		017CD9121465D179006832C8 /* Leather-Background-iPad.jpg in Resources */ = {isa = PBXBuildFile; fileRef = 017CD90B1465D179006832C8 /* Leather-Background-iPad.jpg */; };
		017CD9131465D179006832C8 /* noArtworkImage.png in Resources */ = {isa = PBXBuildFile; fileRef = 017CD90C1465D179006832C8 /* noArtworkImage.png */; };
		01A324481477D1880072D1BE /* Icon.png in Resources */ = {isa = PBXBuildFile; fileRef = 01A324471477D1880072D1BE /* Icon.png */; };
		01A3244A1477D1980072D1BE /* Icon@2x.png in Resources */ = {isa = PBXBuildFile; fileRef = 01A324491477D1980072D1BE /* Icon@2x.png */; };
		01A3244C1477D1A50072D1BE /* Icon-72.png in Resources */ = {isa = PBXBuildFile; fileRef = 01A3244B1477D1A50072D1BE /* Icon-72.png */; };
		01AA62FC145D91D200113B4B /* UIKit.framework in Frameworks */ = {isa = PBXBuildFile; fileRef = 01AA62FB145D91D200113B4B /* UIKit.framework */; };
		01AA62FE145D91D200113B4B /* Foundation.framework in Frameworks */ = {isa = PBXBuildFile; fileRef = 01AA62FD145D91D200113B4B /* Foundation.framework */; };
		01AA6300145D91D200113B4B /* CoreGraphics.framework in Frameworks */ = {isa = PBXBuildFile; fileRef = 01AA62FF145D91D200113B4B /* CoreGraphics.framework */; };
		01AA6306145D91D200113B4B /* InfoPlist.strings in Resources */ = {isa = PBXBuildFile; fileRef = 01AA6304145D91D200113B4B /* InfoPlist.strings */; };
		01AA6308145D91D200113B4B /* main.m in Sources */ = {isa = PBXBuildFile; fileRef = 01AA6307145D91D200113B4B /* main.m */; };
		01AA630F145D91D200113B4B /* MainStoryboard_iPhone.storyboard in Resources */ = {isa = PBXBuildFile; fileRef = 01AA630D145D91D200113B4B /* MainStoryboard_iPhone.storyboard */; };
		01AA6312145D91D200113B4B /* MainStoryboard_iPad.storyboard in Resources */ = {isa = PBXBuildFile; fileRef = 01AA6310145D91D200113B4B /* MainStoryboard_iPad.storyboard */; };
		01AA6318145D91D200113B4B /* sharethissongFlipsideViewController.m in Sources */ = {isa = PBXBuildFile; fileRef = 01AA6317145D91D200113B4B /* sharethissongFlipsideViewController.m */; };
		01AA6320145D91D300113B4B /* SenTestingKit.framework in Frameworks */ = {isa = PBXBuildFile; fileRef = 01AA631F145D91D300113B4B /* SenTestingKit.framework */; };
		01AA6321145D91D300113B4B /* UIKit.framework in Frameworks */ = {isa = PBXBuildFile; fileRef = 01AA62FB145D91D200113B4B /* UIKit.framework */; };
		01AA6322145D91D300113B4B /* Foundation.framework in Frameworks */ = {isa = PBXBuildFile; fileRef = 01AA62FD145D91D200113B4B /* Foundation.framework */; };
		01AA6356145D9B0D00113B4B /* Facebook.m in Sources */ = {isa = PBXBuildFile; fileRef = 01AA633B145D9B0D00113B4B /* Facebook.m */; settings = {COMPILER_FLAGS = "-fno-objc-arc"; }; };
		01AA6357145D9B0D00113B4B /* FBDialog.bundle in Resources */ = {isa = PBXBuildFile; fileRef = 01AA633E145D9B0D00113B4B /* FBDialog.bundle */; };
		01AA6358145D9B0D00113B4B /* FBDialog.m in Sources */ = {isa = PBXBuildFile; fileRef = 01AA6340145D9B0D00113B4B /* FBDialog.m */; settings = {COMPILER_FLAGS = "-fno-objc-arc"; }; };
		01AA6359145D9B0D00113B4B /* FBLoginDialog.m in Sources */ = {isa = PBXBuildFile; fileRef = 01AA6342145D9B0D00113B4B /* FBLoginDialog.m */; settings = {COMPILER_FLAGS = "-fno-objc-arc"; }; };
		01AA635A145D9B0D00113B4B /* FBRequest.m in Sources */ = {isa = PBXBuildFile; fileRef = 01AA6344145D9B0D00113B4B /* FBRequest.m */; settings = {COMPILER_FLAGS = "-fno-objc-arc"; }; };
		01AA635B145D9B0E00113B4B /* NSObject+SBJSON.m in Sources */ = {isa = PBXBuildFile; fileRef = 01AA6348145D9B0D00113B4B /* NSObject+SBJSON.m */; settings = {COMPILER_FLAGS = "-fno-objc-arc"; }; };
		01AA635C145D9B0E00113B4B /* NSString+SBJSON.m in Sources */ = {isa = PBXBuildFile; fileRef = 01AA634A145D9B0D00113B4B /* NSString+SBJSON.m */; settings = {COMPILER_FLAGS = "-fno-objc-arc"; }; };
		01AA635D145D9B0E00113B4B /* SBJSON.m in Sources */ = {isa = PBXBuildFile; fileRef = 01AA634C145D9B0D00113B4B /* SBJSON.m */; settings = {COMPILER_FLAGS = "-fno-objc-arc"; }; };
		01AA635E145D9B0E00113B4B /* SBJsonBase.m in Sources */ = {isa = PBXBuildFile; fileRef = 01AA634E145D9B0D00113B4B /* SBJsonBase.m */; settings = {COMPILER_FLAGS = "-fno-objc-arc"; }; };
		01AA635F145D9B0E00113B4B /* SBJsonParser.m in Sources */ = {isa = PBXBuildFile; fileRef = 01AA6350145D9B0D00113B4B /* SBJsonParser.m */; settings = {COMPILER_FLAGS = "-fno-objc-arc"; }; };
		01AA6360145D9B0E00113B4B /* SBJsonWriter.m in Sources */ = {isa = PBXBuildFile; fileRef = 01AA6352145D9B0D00113B4B /* SBJsonWriter.m */; settings = {COMPILER_FLAGS = "-fno-objc-arc"; }; };
		01ADA2FC1465ED7600C59515 /* facebook-connect.png in Resources */ = {isa = PBXBuildFile; fileRef = 01ADA2FA1465ED7600C59515 /* facebook-connect.png */; };
		01ADA2FF1465F09E00C59515 /* QuartzCore.framework in Frameworks */ = {isa = PBXBuildFile; fileRef = 01ADA2FE1465F09E00C59515 /* QuartzCore.framework */; };
		01BBBFD8145F480F00458E7D /* fetch_ios_ghunit.rb in Resources */ = {isa = PBXBuildFile; fileRef = 01BBBF7C145F480F00458E7D /* fetch_ios_ghunit.rb */; };
		01BBBFD9145F480F00458E7D /* fetch_mac_ghunit.rb in Resources */ = {isa = PBXBuildFile; fileRef = 01BBBF7D145F480F00458E7D /* fetch_mac_ghunit.rb */; };
		01BBBFDA145F480F00458E7D /* set_version_number.rb in Resources */ = {isa = PBXBuildFile; fileRef = 01BBBF7E145F480F00458E7D /* set_version_number.rb */; };
		01BBBFDB145F480F00458E7D /* ASIAuthenticationDialog.m in Sources */ = {isa = PBXBuildFile; fileRef = 01BBBF81145F480F00458E7D /* ASIAuthenticationDialog.m */; settings = {COMPILER_FLAGS = "-fno-objc-arc"; }; };
		01BBBFDC145F480F00458E7D /* ASIDataCompressor.m in Sources */ = {isa = PBXBuildFile; fileRef = 01BBBF84145F480F00458E7D /* ASIDataCompressor.m */; settings = {COMPILER_FLAGS = "-fno-objc-arc"; }; };
		01BBBFDD145F480F00458E7D /* ASIDataDecompressor.m in Sources */ = {isa = PBXBuildFile; fileRef = 01BBBF86145F480F00458E7D /* ASIDataDecompressor.m */; settings = {COMPILER_FLAGS = "-fno-objc-arc"; }; };
		01BBBFDE145F480F00458E7D /* ASIDownloadCache.m in Sources */ = {isa = PBXBuildFile; fileRef = 01BBBF88145F480F00458E7D /* ASIDownloadCache.m */; settings = {COMPILER_FLAGS = "-fno-objc-arc"; }; };
		01BBBFDF145F480F00458E7D /* ASIFormDataRequest.m in Sources */ = {isa = PBXBuildFile; fileRef = 01BBBF8A145F480F00458E7D /* ASIFormDataRequest.m */; settings = {COMPILER_FLAGS = "-fno-objc-arc"; }; };
		01BBBFE0145F480F00458E7D /* ASIHTTPRequest.m in Sources */ = {isa = PBXBuildFile; fileRef = 01BBBF8C145F480F00458E7D /* ASIHTTPRequest.m */; settings = {COMPILER_FLAGS = "-fno-objc-arc"; }; };
		01BBBFE1145F480F00458E7D /* ASIInputStream.m in Sources */ = {isa = PBXBuildFile; fileRef = 01BBBF90145F480F00458E7D /* ASIInputStream.m */; settings = {COMPILER_FLAGS = "-fno-objc-arc"; }; };
		01BBBFE2145F480F00458E7D /* ASINetworkQueue.m in Sources */ = {isa = PBXBuildFile; fileRef = 01BBBF92145F480F00458E7D /* ASINetworkQueue.m */; settings = {COMPILER_FLAGS = "-fno-objc-arc"; }; };
		01BBC000145F480F00458E7D /* README-GHUnit in Resources */ = {isa = PBXBuildFile; fileRef = 01BBBFD4145F480F00458E7D /* README-GHUnit */; };
		01BBC001145F480F00458E7D /* Reachability.m in Sources */ = {isa = PBXBuildFile; fileRef = 01BBBFD7145F480F00458E7D /* Reachability.m */; settings = {COMPILER_FLAGS = "-fno-objc-arc"; }; };
		01BBC004145F4CA800458E7D /* CFNetwork.framework in Frameworks */ = {isa = PBXBuildFile; fileRef = 01BBC003145F4CA800458E7D /* CFNetwork.framework */; };
		01BBC006145F4CBD00458E7D /* SystemConfiguration.framework in Frameworks */ = {isa = PBXBuildFile; fileRef = 01BBC005145F4CBD00458E7D /* SystemConfiguration.framework */; };
		01BBC008145F4CC700458E7D /* MobileCoreServices.framework in Frameworks */ = {isa = PBXBuildFile; fileRef = 01BBC007145F4CC700458E7D /* MobileCoreServices.framework */; };
		01BBC00A145F4CF100458E7D /* libz.dylib in Frameworks */ = {isa = PBXBuildFile; fileRef = 01BBC009145F4CF100458E7D /* libz.dylib */; };
		01FB80CB1468471B009A687E /* sharethissongAppDelegate.m in Sources */ = {isa = PBXBuildFile; fileRef = 01FB80CC1468471B009A687E /* sharethissongAppDelegate.m */; };
		01FB80CF1468530B009A687E /* facebook8.png in Resources */ = {isa = PBXBuildFile; fileRef = 01FB80CE1468530B009A687E /* facebook8.png */; };
/* End PBXBuildFile section */

/* Begin PBXContainerItemProxy section */
		01AA6323145D91D300113B4B /* PBXContainerItemProxy */ = {
			isa = PBXContainerItemProxy;
			containerPortal = 01AA62EE145D91D200113B4B /* Project object */;
			proxyType = 1;
			remoteGlobalIDString = 01AA62F6145D91D200113B4B;
			remoteInfo = "Share This Song";
		};
/* End PBXContainerItemProxy section */

/* Begin PBXFileReference section */
		01108524145EA4DD00888F86 /* MediaPlayer.framework */ = {isa = PBXFileReference; lastKnownFileType = wrapper.framework; name = MediaPlayer.framework; path = System/Library/Frameworks/MediaPlayer.framework; sourceTree = SDKROOT; };
		017CD8FA1465B862006832C8 /* sharethissongMainViewController.m */ = {isa = PBXFileReference; lastKnownFileType = sourcecode.c.objc; path = sharethissongMainViewController.m; sourceTree = "<group>"; };
		017CD8FE1465BA7A006832C8 /* en */ = {isa = PBXFileReference; lastKnownFileType = text.plist.strings; name = en; path = en.lproj/Localizable.strings; sourceTree = "<group>"; };
		017CD9001465BA82006832C8 /* fr */ = {isa = PBXFileReference; lastKnownFileType = text.plist.strings; name = fr; path = fr.lproj/Localizable.strings; sourceTree = "<group>"; };
		017CD9061465D179006832C8 /* air-leather-iphone4.jpg */ = {isa = PBXFileReference; lastKnownFileType = image.jpeg; path = "air-leather-iphone4.jpg"; sourceTree = "<group>"; };
		017CD9071465D179006832C8 /* ego_bg_ipad.png */ = {isa = PBXFileReference; lastKnownFileType = image.png; path = ego_bg_ipad.png; sourceTree = "<group>"; };
		017CD9081465D179006832C8 /* ego_bg_iphone4.png */ = {isa = PBXFileReference; lastKnownFileType = image.png; path = ego_bg_iphone4.png; sourceTree = "<group>"; };
		017CD90A1465D179006832C8 /* Grey Button.png */ = {isa = PBXFileReference; lastKnownFileType = image.png; path = "Grey Button.png"; sourceTree = "<group>"; };
		017CD90B1465D179006832C8 /* Leather-Background-iPad.jpg */ = {isa = PBXFileReference; lastKnownFileType = image.jpeg; path = "Leather-Background-iPad.jpg"; sourceTree = "<group>"; };
		017CD90C1465D179006832C8 /* noArtworkImage.png */ = {isa = PBXFileReference; lastKnownFileType = image.png; path = noArtworkImage.png; sourceTree = "<group>"; };
		01A324471477D1880072D1BE /* Icon.png */ = {isa = PBXFileReference; lastKnownFileType = image.png; path = Icon.png; sourceTree = "<group>"; };
		01A324491477D1980072D1BE /* Icon@2x.png */ = {isa = PBXFileReference; lastKnownFileType = image.png; path = "Icon@2x.png"; sourceTree = "<group>"; };
		01A3244B1477D1A50072D1BE /* Icon-72.png */ = {isa = PBXFileReference; lastKnownFileType = image.png; path = "Icon-72.png"; sourceTree = "<group>"; };
		01AA62F7145D91D200113B4B /* Share This Song.app */ = {isa = PBXFileReference; explicitFileType = wrapper.application; includeInIndex = 0; path = "Share This Song.app"; sourceTree = BUILT_PRODUCTS_DIR; };
		01AA62FB145D91D200113B4B /* UIKit.framework */ = {isa = PBXFileReference; lastKnownFileType = wrapper.framework; name = UIKit.framework; path = System/Library/Frameworks/UIKit.framework; sourceTree = SDKROOT; };
		01AA62FD145D91D200113B4B /* Foundation.framework */ = {isa = PBXFileReference; lastKnownFileType = wrapper.framework; name = Foundation.framework; path = System/Library/Frameworks/Foundation.framework; sourceTree = SDKROOT; };
		01AA62FF145D91D200113B4B /* CoreGraphics.framework */ = {isa = PBXFileReference; lastKnownFileType = wrapper.framework; name = CoreGraphics.framework; path = System/Library/Frameworks/CoreGraphics.framework; sourceTree = SDKROOT; };
		01AA6303145D91D200113B4B /* Share This Song-Info.plist */ = {isa = PBXFileReference; lastKnownFileType = text.plist.xml; path = "Share This Song-Info.plist"; sourceTree = "<group>"; };
		01AA6305145D91D200113B4B /* en */ = {isa = PBXFileReference; lastKnownFileType = text.plist.strings; name = en; path = en.lproj/InfoPlist.strings; sourceTree = "<group>"; };
		01AA6307145D91D200113B4B /* main.m */ = {isa = PBXFileReference; lastKnownFileType = sourcecode.c.objc; path = main.m; sourceTree = "<group>"; };
		01AA6309145D91D200113B4B /* Share This Song-Prefix.pch */ = {isa = PBXFileReference; lastKnownFileType = sourcecode.c.h; path = "Share This Song-Prefix.pch"; sourceTree = "<group>"; };
		01AA630A145D91D200113B4B /* sharethissongAppDelegate.h */ = {isa = PBXFileReference; lastKnownFileType = sourcecode.c.h; path = sharethissongAppDelegate.h; sourceTree = "<group>"; };
		01AA630E145D91D200113B4B /* en */ = {isa = PBXFileReference; lastKnownFileType = file.storyboard; name = en; path = en.lproj/MainStoryboard_iPhone.storyboard; sourceTree = "<group>"; };
		01AA6311145D91D200113B4B /* en */ = {isa = PBXFileReference; lastKnownFileType = file.storyboard; name = en; path = en.lproj/MainStoryboard_iPad.storyboard; sourceTree = "<group>"; };
		01AA6313145D91D200113B4B /* sharethissongMainViewController.h */ = {isa = PBXFileReference; lastKnownFileType = sourcecode.c.h; path = sharethissongMainViewController.h; sourceTree = "<group>"; };
		01AA6316145D91D200113B4B /* sharethissongFlipsideViewController.h */ = {isa = PBXFileReference; lastKnownFileType = sourcecode.c.h; path = sharethissongFlipsideViewController.h; sourceTree = "<group>"; };
		01AA6317145D91D200113B4B /* sharethissongFlipsideViewController.m */ = {isa = PBXFileReference; lastKnownFileType = sourcecode.c.objc; path = sharethissongFlipsideViewController.m; sourceTree = "<group>"; };
		01AA631E145D91D300113B4B /* Share This SongTests.octest */ = {isa = PBXFileReference; explicitFileType = wrapper.cfbundle; includeInIndex = 0; path = "Share This SongTests.octest"; sourceTree = BUILT_PRODUCTS_DIR; };
		01AA631F145D91D300113B4B /* SenTestingKit.framework */ = {isa = PBXFileReference; lastKnownFileType = wrapper.framework; name = SenTestingKit.framework; path = Library/Frameworks/SenTestingKit.framework; sourceTree = DEVELOPER_DIR; };
		01AA633A145D9B0D00113B4B /* Facebook.h */ = {isa = PBXFileReference; fileEncoding = 4; lastKnownFileType = sourcecode.c.h; path = Facebook.h; sourceTree = "<group>"; };
		01AA633B145D9B0D00113B4B /* Facebook.m */ = {isa = PBXFileReference; fileEncoding = 4; lastKnownFileType = sourcecode.c.objc; path = Facebook.m; sourceTree = "<group>"; };
		01AA633D145D9B0D00113B4B /* FBConnect.h */ = {isa = PBXFileReference; fileEncoding = 4; lastKnownFileType = sourcecode.c.h; path = FBConnect.h; sourceTree = "<group>"; };
		01AA633E145D9B0D00113B4B /* FBDialog.bundle */ = {isa = PBXFileReference; lastKnownFileType = "wrapper.plug-in"; path = FBDialog.bundle; sourceTree = "<group>"; };
		01AA633F145D9B0D00113B4B /* FBDialog.h */ = {isa = PBXFileReference; fileEncoding = 4; lastKnownFileType = sourcecode.c.h; path = FBDialog.h; sourceTree = "<group>"; };
		01AA6340145D9B0D00113B4B /* FBDialog.m */ = {isa = PBXFileReference; fileEncoding = 4; lastKnownFileType = sourcecode.c.objc; path = FBDialog.m; sourceTree = "<group>"; };
		01AA6341145D9B0D00113B4B /* FBLoginDialog.h */ = {isa = PBXFileReference; fileEncoding = 4; lastKnownFileType = sourcecode.c.h; path = FBLoginDialog.h; sourceTree = "<group>"; };
		01AA6342145D9B0D00113B4B /* FBLoginDialog.m */ = {isa = PBXFileReference; fileEncoding = 4; lastKnownFileType = sourcecode.c.objc; path = FBLoginDialog.m; sourceTree = "<group>"; };
		01AA6343145D9B0D00113B4B /* FBRequest.h */ = {isa = PBXFileReference; fileEncoding = 4; lastKnownFileType = sourcecode.c.h; path = FBRequest.h; sourceTree = "<group>"; };
		01AA6344145D9B0D00113B4B /* FBRequest.m */ = {isa = PBXFileReference; fileEncoding = 4; lastKnownFileType = sourcecode.c.objc; path = FBRequest.m; sourceTree = "<group>"; };
		01AA6346145D9B0D00113B4B /* JSON.h */ = {isa = PBXFileReference; fileEncoding = 4; lastKnownFileType = sourcecode.c.h; path = JSON.h; sourceTree = "<group>"; };
		01AA6347145D9B0D00113B4B /* NSObject+SBJSON.h */ = {isa = PBXFileReference; fileEncoding = 4; lastKnownFileType = sourcecode.c.h; path = "NSObject+SBJSON.h"; sourceTree = "<group>"; };
		01AA6348145D9B0D00113B4B /* NSObject+SBJSON.m */ = {isa = PBXFileReference; fileEncoding = 4; lastKnownFileType = sourcecode.c.objc; path = "NSObject+SBJSON.m"; sourceTree = "<group>"; };
		01AA6349145D9B0D00113B4B /* NSString+SBJSON.h */ = {isa = PBXFileReference; fileEncoding = 4; lastKnownFileType = sourcecode.c.h; path = "NSString+SBJSON.h"; sourceTree = "<group>"; };
		01AA634A145D9B0D00113B4B /* NSString+SBJSON.m */ = {isa = PBXFileReference; fileEncoding = 4; lastKnownFileType = sourcecode.c.objc; path = "NSString+SBJSON.m"; sourceTree = "<group>"; };
		01AA634B145D9B0D00113B4B /* SBJSON.h */ = {isa = PBXFileReference; fileEncoding = 4; lastKnownFileType = sourcecode.c.h; path = SBJSON.h; sourceTree = "<group>"; };
		01AA634C145D9B0D00113B4B /* SBJSON.m */ = {isa = PBXFileReference; fileEncoding = 4; lastKnownFileType = sourcecode.c.objc; path = SBJSON.m; sourceTree = "<group>"; };
		01AA634D145D9B0D00113B4B /* SBJsonBase.h */ = {isa = PBXFileReference; fileEncoding = 4; lastKnownFileType = sourcecode.c.h; path = SBJsonBase.h; sourceTree = "<group>"; };
		01AA634E145D9B0D00113B4B /* SBJsonBase.m */ = {isa = PBXFileReference; fileEncoding = 4; lastKnownFileType = sourcecode.c.objc; path = SBJsonBase.m; sourceTree = "<group>"; };
		01AA634F145D9B0D00113B4B /* SBJsonParser.h */ = {isa = PBXFileReference; fileEncoding = 4; lastKnownFileType = sourcecode.c.h; path = SBJsonParser.h; sourceTree = "<group>"; };
		01AA6350145D9B0D00113B4B /* SBJsonParser.m */ = {isa = PBXFileReference; fileEncoding = 4; lastKnownFileType = sourcecode.c.objc; path = SBJsonParser.m; sourceTree = "<group>"; };
		01AA6351145D9B0D00113B4B /* SBJsonWriter.h */ = {isa = PBXFileReference; fileEncoding = 4; lastKnownFileType = sourcecode.c.h; path = SBJsonWriter.h; sourceTree = "<group>"; };
		01AA6352145D9B0D00113B4B /* SBJsonWriter.m */ = {isa = PBXFileReference; fileEncoding = 4; lastKnownFileType = sourcecode.c.objc; path = SBJsonWriter.m; sourceTree = "<group>"; };
		01ADA2FA1465ED7600C59515 /* facebook-connect.png */ = {isa = PBXFileReference; lastKnownFileType = image.png; path = "facebook-connect.png"; sourceTree = "<group>"; };
		01ADA2FE1465F09E00C59515 /* QuartzCore.framework */ = {isa = PBXFileReference; lastKnownFileType = wrapper.framework; name = QuartzCore.framework; path = System/Library/Frameworks/QuartzCore.framework; sourceTree = SDKROOT; };
		01BBBF7C145F480F00458E7D /* fetch_ios_ghunit.rb */ = {isa = PBXFileReference; fileEncoding = 4; lastKnownFileType = text.script.ruby; path = fetch_ios_ghunit.rb; sourceTree = "<group>"; };
		01BBBF7D145F480F00458E7D /* fetch_mac_ghunit.rb */ = {isa = PBXFileReference; fileEncoding = 4; lastKnownFileType = text.script.ruby; path = fetch_mac_ghunit.rb; sourceTree = "<group>"; };
		01BBBF7E145F480F00458E7D /* set_version_number.rb */ = {isa = PBXFileReference; fileEncoding = 4; lastKnownFileType = text.script.ruby; path = set_version_number.rb; sourceTree = "<group>"; };
		01BBBF80145F480F00458E7D /* ASIAuthenticationDialog.h */ = {isa = PBXFileReference; fileEncoding = 4; lastKnownFileType = sourcecode.c.h; path = ASIAuthenticationDialog.h; sourceTree = "<group>"; };
		01BBBF81145F480F00458E7D /* ASIAuthenticationDialog.m */ = {isa = PBXFileReference; fileEncoding = 4; lastKnownFileType = sourcecode.c.objc; path = ASIAuthenticationDialog.m; sourceTree = "<group>"; };
		01BBBF82145F480F00458E7D /* ASICacheDelegate.h */ = {isa = PBXFileReference; fileEncoding = 4; lastKnownFileType = sourcecode.c.h; path = ASICacheDelegate.h; sourceTree = "<group>"; };
		01BBBF83145F480F00458E7D /* ASIDataCompressor.h */ = {isa = PBXFileReference; fileEncoding = 4; lastKnownFileType = sourcecode.c.h; path = ASIDataCompressor.h; sourceTree = "<group>"; };
		01BBBF84145F480F00458E7D /* ASIDataCompressor.m */ = {isa = PBXFileReference; fileEncoding = 4; lastKnownFileType = sourcecode.c.objc; path = ASIDataCompressor.m; sourceTree = "<group>"; };
		01BBBF85145F480F00458E7D /* ASIDataDecompressor.h */ = {isa = PBXFileReference; fileEncoding = 4; lastKnownFileType = sourcecode.c.h; path = ASIDataDecompressor.h; sourceTree = "<group>"; };
		01BBBF86145F480F00458E7D /* ASIDataDecompressor.m */ = {isa = PBXFileReference; fileEncoding = 4; lastKnownFileType = sourcecode.c.objc; path = ASIDataDecompressor.m; sourceTree = "<group>"; };
		01BBBF87145F480F00458E7D /* ASIDownloadCache.h */ = {isa = PBXFileReference; fileEncoding = 4; lastKnownFileType = sourcecode.c.h; path = ASIDownloadCache.h; sourceTree = "<group>"; };
		01BBBF88145F480F00458E7D /* ASIDownloadCache.m */ = {isa = PBXFileReference; fileEncoding = 4; lastKnownFileType = sourcecode.c.objc; path = ASIDownloadCache.m; sourceTree = "<group>"; };
		01BBBF89145F480F00458E7D /* ASIFormDataRequest.h */ = {isa = PBXFileReference; fileEncoding = 4; lastKnownFileType = sourcecode.c.h; path = ASIFormDataRequest.h; sourceTree = "<group>"; };
		01BBBF8A145F480F00458E7D /* ASIFormDataRequest.m */ = {isa = PBXFileReference; fileEncoding = 4; lastKnownFileType = sourcecode.c.objc; path = ASIFormDataRequest.m; sourceTree = "<group>"; };
		01BBBF8B145F480F00458E7D /* ASIHTTPRequest.h */ = {isa = PBXFileReference; fileEncoding = 4; lastKnownFileType = sourcecode.c.h; path = ASIHTTPRequest.h; sourceTree = "<group>"; };
		01BBBF8C145F480F00458E7D /* ASIHTTPRequest.m */ = {isa = PBXFileReference; fileEncoding = 4; lastKnownFileType = sourcecode.c.objc; path = ASIHTTPRequest.m; sourceTree = "<group>"; };
		01BBBF8D145F480F00458E7D /* ASIHTTPRequestConfig.h */ = {isa = PBXFileReference; fileEncoding = 4; lastKnownFileType = sourcecode.c.h; path = ASIHTTPRequestConfig.h; sourceTree = "<group>"; };
		01BBBF8E145F480F00458E7D /* ASIHTTPRequestDelegate.h */ = {isa = PBXFileReference; fileEncoding = 4; lastKnownFileType = sourcecode.c.h; path = ASIHTTPRequestDelegate.h; sourceTree = "<group>"; };
		01BBBF8F145F480F00458E7D /* ASIInputStream.h */ = {isa = PBXFileReference; fileEncoding = 4; lastKnownFileType = sourcecode.c.h; path = ASIInputStream.h; sourceTree = "<group>"; };
		01BBBF90145F480F00458E7D /* ASIInputStream.m */ = {isa = PBXFileReference; fileEncoding = 4; lastKnownFileType = sourcecode.c.objc; path = ASIInputStream.m; sourceTree = "<group>"; };
		01BBBF91145F480F00458E7D /* ASINetworkQueue.h */ = {isa = PBXFileReference; fileEncoding = 4; lastKnownFileType = sourcecode.c.h; path = ASINetworkQueue.h; sourceTree = "<group>"; };
		01BBBF92145F480F00458E7D /* ASINetworkQueue.m */ = {isa = PBXFileReference; fileEncoding = 4; lastKnownFileType = sourcecode.c.objc; path = ASINetworkQueue.m; sourceTree = "<group>"; };
		01BBBF93145F480F00458E7D /* ASIProgressDelegate.h */ = {isa = PBXFileReference; fileEncoding = 4; lastKnownFileType = sourcecode.c.h; path = ASIProgressDelegate.h; sourceTree = "<group>"; };
		01BBBFD4145F480F00458E7D /* README-GHUnit */ = {isa = PBXFileReference; fileEncoding = 4; lastKnownFileType = text; path = "README-GHUnit"; sourceTree = "<group>"; };
		01BBBFD6145F480F00458E7D /* Reachability.h */ = {isa = PBXFileReference; fileEncoding = 4; lastKnownFileType = sourcecode.c.h; path = Reachability.h; sourceTree = "<group>"; };
		01BBBFD7145F480F00458E7D /* Reachability.m */ = {isa = PBXFileReference; fileEncoding = 4; lastKnownFileType = sourcecode.c.objc; path = Reachability.m; sourceTree = "<group>"; };
		01BBC003145F4CA800458E7D /* CFNetwork.framework */ = {isa = PBXFileReference; lastKnownFileType = wrapper.framework; name = CFNetwork.framework; path = System/Library/Frameworks/CFNetwork.framework; sourceTree = SDKROOT; };
		01BBC005145F4CBD00458E7D /* SystemConfiguration.framework */ = {isa = PBXFileReference; lastKnownFileType = wrapper.framework; name = SystemConfiguration.framework; path = System/Library/Frameworks/SystemConfiguration.framework; sourceTree = SDKROOT; };
		01BBC007145F4CC700458E7D /* MobileCoreServices.framework */ = {isa = PBXFileReference; lastKnownFileType = wrapper.framework; name = MobileCoreServices.framework; path = System/Library/Frameworks/MobileCoreServices.framework; sourceTree = SDKROOT; };
		01BBC009145F4CF100458E7D /* libz.dylib */ = {isa = PBXFileReference; lastKnownFileType = "compiled.mach-o.dylib"; name = libz.dylib; path = usr/lib/libz.dylib; sourceTree = SDKROOT; };
		01FB80CC1468471B009A687E /* sharethissongAppDelegate.m */ = {isa = PBXFileReference; lastKnownFileType = sourcecode.c.objc; path = sharethissongAppDelegate.m; sourceTree = "<group>"; };
		01FB80CE1468530B009A687E /* facebook8.png */ = {isa = PBXFileReference; lastKnownFileType = image.png; path = facebook8.png; sourceTree = "<group>"; };
/* End PBXFileReference section */

/* Begin PBXFrameworksBuildPhase section */
		01AA62F4145D91D200113B4B /* Frameworks */ = {
			isa = PBXFrameworksBuildPhase;
			buildActionMask = 2147483647;
			files = (
				01ADA2FF1465F09E00C59515 /* QuartzCore.framework in Frameworks */,
				01BBC00A145F4CF100458E7D /* libz.dylib in Frameworks */,
				01AA6300145D91D200113B4B /* CoreGraphics.framework in Frameworks */,
				01BBC008145F4CC700458E7D /* MobileCoreServices.framework in Frameworks */,
				01BBC006145F4CBD00458E7D /* SystemConfiguration.framework in Frameworks */,
				01BBC004145F4CA800458E7D /* CFNetwork.framework in Frameworks */,
				01108525145EA4DD00888F86 /* MediaPlayer.framework in Frameworks */,
				01AA62FC145D91D200113B4B /* UIKit.framework in Frameworks */,
				01AA62FE145D91D200113B4B /* Foundation.framework in Frameworks */,
			);
			runOnlyForDeploymentPostprocessing = 0;
		};
		01AA631A145D91D300113B4B /* Frameworks */ = {
			isa = PBXFrameworksBuildPhase;
			buildActionMask = 2147483647;
			files = (
				01AA6320145D91D300113B4B /* SenTestingKit.framework in Frameworks */,
				01AA6321145D91D300113B4B /* UIKit.framework in Frameworks */,
				01AA6322145D91D300113B4B /* Foundation.framework in Frameworks */,
			);
			runOnlyForDeploymentPostprocessing = 0;
		};
/* End PBXFrameworksBuildPhase section */

/* Begin PBXGroup section */
		017CD9051465D179006832C8 /* images */ = {
			isa = PBXGroup;
			children = (
				01FB80CE1468530B009A687E /* facebook8.png */,
				01ADA2FA1465ED7600C59515 /* facebook-connect.png */,
				017CD9061465D179006832C8 /* air-leather-iphone4.jpg */,
				017CD9071465D179006832C8 /* ego_bg_ipad.png */,
				017CD9081465D179006832C8 /* ego_bg_iphone4.png */,
				017CD90A1465D179006832C8 /* Grey Button.png */,
				017CD90B1465D179006832C8 /* Leather-Background-iPad.jpg */,
				017CD90C1465D179006832C8 /* noArtworkImage.png */,
			);
			path = images;
			sourceTree = "<group>";
		};
		01AA62EC145D91D200113B4B = {
			isa = PBXGroup;
			children = (
				01A3244B1477D1A50072D1BE /* Icon-72.png */,
				01A324491477D1980072D1BE /* Icon@2x.png */,
				01A324471477D1880072D1BE /* Icon.png */,
				01ADA2FE1465F09E00C59515 /* QuartzCore.framework */,
				01BBC009145F4CF100458E7D /* libz.dylib */,
				01BBC007145F4CC700458E7D /* MobileCoreServices.framework */,
				01BBC005145F4CBD00458E7D /* SystemConfiguration.framework */,
				01BBC003145F4CA800458E7D /* CFNetwork.framework */,
				01108524145EA4DD00888F86 /* MediaPlayer.framework */,
				01AA6301145D91D200113B4B /* Share This Song */,
				01AA62FA145D91D200113B4B /* Frameworks */,
				01AA62F8145D91D200113B4B /* Products */,
			);
			sourceTree = "<group>";
		};
		01AA62F8145D91D200113B4B /* Products */ = {
			isa = PBXGroup;
			children = (
				01AA62F7145D91D200113B4B /* Share This Song.app */,
				01AA631E145D91D300113B4B /* Share This SongTests.octest */,
			);
			name = Products;
			sourceTree = "<group>";
		};
		01AA62FA145D91D200113B4B /* Frameworks */ = {
			isa = PBXGroup;
			children = (
				01AA62FB145D91D200113B4B /* UIKit.framework */,
				01AA62FD145D91D200113B4B /* Foundation.framework */,
				01AA62FF145D91D200113B4B /* CoreGraphics.framework */,
				01AA631F145D91D300113B4B /* SenTestingKit.framework */,
			);
			name = Frameworks;
			sourceTree = "<group>";
		};
		01AA6301145D91D200113B4B /* Share This Song */ = {
			isa = PBXGroup;
			children = (
				017CD9051465D179006832C8 /* images */,
				01BBBF7B145F480F00458E7D /* Build Scripts */,
				01BBBF7F145F480F00458E7D /* ASIHTTP Classes */,
				01BBBFD2145F480F00458E7D /* External */,
				01AA630A145D91D200113B4B /* sharethissongAppDelegate.h */,
				01FB80CC1468471B009A687E /* sharethissongAppDelegate.m */,
				01AA630D145D91D200113B4B /* MainStoryboard_iPhone.storyboard */,
				01AA6310145D91D200113B4B /* MainStoryboard_iPad.storyboard */,
				01AA6313145D91D200113B4B /* sharethissongMainViewController.h */,
				017CD8FA1465B862006832C8 /* sharethissongMainViewController.m */,
				017CD8FF1465BA7A006832C8 /* Localizable.strings */,
				01AA6316145D91D200113B4B /* sharethissongFlipsideViewController.h */,
				01AA6317145D91D200113B4B /* sharethissongFlipsideViewController.m */,
				01AA6302145D91D200113B4B /* Supporting Files */,
			);
			path = "Share This Song";
			sourceTree = "<group>";
		};
		01AA6302145D91D200113B4B /* Supporting Files */ = {
			isa = PBXGroup;
			children = (
				01AA6303145D91D200113B4B /* Share This Song-Info.plist */,
				01AA6304145D91D200113B4B /* InfoPlist.strings */,
				01AA6307145D91D200113B4B /* main.m */,
				01AA6309145D91D200113B4B /* Share This Song-Prefix.pch */,
			);
			name = "Supporting Files";
			sourceTree = "<group>";
		};
		01AA6336145D9B0D00113B4B /* Facebook */ = {
			isa = PBXGroup;
			children = (
				01AA633A145D9B0D00113B4B /* Facebook.h */,
				01AA633B145D9B0D00113B4B /* Facebook.m */,
				01AA633D145D9B0D00113B4B /* FBConnect.h */,
				01AA633E145D9B0D00113B4B /* FBDialog.bundle */,
				01AA633F145D9B0D00113B4B /* FBDialog.h */,
				01AA6340145D9B0D00113B4B /* FBDialog.m */,
				01AA6341145D9B0D00113B4B /* FBLoginDialog.h */,
				01AA6342145D9B0D00113B4B /* FBLoginDialog.m */,
				01AA6343145D9B0D00113B4B /* FBRequest.h */,
				01AA6344145D9B0D00113B4B /* FBRequest.m */,
				01AA6345145D9B0D00113B4B /* JSON */,
			);
			name = Facebook;
			path = "../../Share This Song/Share This Song/src";
			sourceTree = "<group>";
		};
		01AA6345145D9B0D00113B4B /* JSON */ = {
			isa = PBXGroup;
			children = (
				01AA6346145D9B0D00113B4B /* JSON.h */,
				01AA6347145D9B0D00113B4B /* NSObject+SBJSON.h */,
				01AA6348145D9B0D00113B4B /* NSObject+SBJSON.m */,
				01AA6349145D9B0D00113B4B /* NSString+SBJSON.h */,
				01AA634A145D9B0D00113B4B /* NSString+SBJSON.m */,
				01AA634B145D9B0D00113B4B /* SBJSON.h */,
				01AA634C145D9B0D00113B4B /* SBJSON.m */,
				01AA634D145D9B0D00113B4B /* SBJsonBase.h */,
				01AA634E145D9B0D00113B4B /* SBJsonBase.m */,
				01AA634F145D9B0D00113B4B /* SBJsonParser.h */,
				01AA6350145D9B0D00113B4B /* SBJsonParser.m */,
				01AA6351145D9B0D00113B4B /* SBJsonWriter.h */,
				01AA6352145D9B0D00113B4B /* SBJsonWriter.m */,
			);
			path = JSON;
			sourceTree = "<group>";
		};
		01BBBF7B145F480F00458E7D /* Build Scripts */ = {
			isa = PBXGroup;
			children = (
				01BBBF7C145F480F00458E7D /* fetch_ios_ghunit.rb */,
				01BBBF7D145F480F00458E7D /* fetch_mac_ghunit.rb */,
				01BBBF7E145F480F00458E7D /* set_version_number.rb */,
			);
			name = "Build Scripts";
			path = "../../pokeb-asi-http-request/Build Scripts";
			sourceTree = "<group>";
		};
		01BBBF7F145F480F00458E7D /* ASIHTTP Classes */ = {
			isa = PBXGroup;
			children = (
				01BBBF80145F480F00458E7D /* ASIAuthenticationDialog.h */,
				01BBBF81145F480F00458E7D /* ASIAuthenticationDialog.m */,
				01BBBF82145F480F00458E7D /* ASICacheDelegate.h */,
				01BBBF83145F480F00458E7D /* ASIDataCompressor.h */,
				01BBBF84145F480F00458E7D /* ASIDataCompressor.m */,
				01BBBF85145F480F00458E7D /* ASIDataDecompressor.h */,
				01BBBF86145F480F00458E7D /* ASIDataDecompressor.m */,
				01BBBF87145F480F00458E7D /* ASIDownloadCache.h */,
				01BBBF88145F480F00458E7D /* ASIDownloadCache.m */,
				01BBBF89145F480F00458E7D /* ASIFormDataRequest.h */,
				01BBBF8A145F480F00458E7D /* ASIFormDataRequest.m */,
				01BBBF8B145F480F00458E7D /* ASIHTTPRequest.h */,
				01BBBF8C145F480F00458E7D /* ASIHTTPRequest.m */,
				01BBBF8D145F480F00458E7D /* ASIHTTPRequestConfig.h */,
				01BBBF8E145F480F00458E7D /* ASIHTTPRequestDelegate.h */,
				01BBBF8F145F480F00458E7D /* ASIInputStream.h */,
				01BBBF90145F480F00458E7D /* ASIInputStream.m */,
				01BBBF91145F480F00458E7D /* ASINetworkQueue.h */,
				01BBBF92145F480F00458E7D /* ASINetworkQueue.m */,
				01BBBF93145F480F00458E7D /* ASIProgressDelegate.h */,
			);
			name = "ASIHTTP Classes";
			path = "../../pokeb-asi-http-request/Classes";
			sourceTree = "<group>";
		};
		01BBBFD2145F480F00458E7D /* External */ = {
			isa = PBXGroup;
			children = (
				01AA6336145D9B0D00113B4B /* Facebook */,
				01BBBFD3145F480F00458E7D /* GHUnit */,
				01BBBFD5145F480F00458E7D /* Reachability */,
			);
			name = External;
			path = "../../pokeb-asi-http-request/External";
			sourceTree = "<group>";
		};
		01BBBFD3145F480F00458E7D /* GHUnit */ = {
			isa = PBXGroup;
			children = (
				01BBBFD4145F480F00458E7D /* README-GHUnit */,
			);
			path = GHUnit;
			sourceTree = "<group>";
		};
		01BBBFD5145F480F00458E7D /* Reachability */ = {
			isa = PBXGroup;
			children = (
				01BBBFD6145F480F00458E7D /* Reachability.h */,
				01BBBFD7145F480F00458E7D /* Reachability.m */,
			);
			path = Reachability;
			sourceTree = "<group>";
		};
/* End PBXGroup section */

/* Begin PBXNativeTarget section */
		01AA62F6145D91D200113B4B /* Share This Song */ = {
			isa = PBXNativeTarget;
			buildConfigurationList = 01AA6330145D91D300113B4B /* Build configuration list for PBXNativeTarget "Share This Song" */;
			buildPhases = (
				01AA62F3145D91D200113B4B /* Sources */,
				01AA62F4145D91D200113B4B /* Frameworks */,
				01AA62F5145D91D200113B4B /* Resources */,
			);
			buildRules = (
			);
			dependencies = (
			);
			name = "Share This Song";
			productName = "Share This Song";
			productReference = 01AA62F7145D91D200113B4B /* Share This Song.app */;
			productType = "com.apple.product-type.application";
		};
		01AA631D145D91D300113B4B /* Share This SongTests */ = {
			isa = PBXNativeTarget;
			buildConfigurationList = 01AA6333145D91D300113B4B /* Build configuration list for PBXNativeTarget "Share This SongTests" */;
			buildPhases = (
				01AA6319145D91D300113B4B /* Sources */,
				01AA631A145D91D300113B4B /* Frameworks */,
				01AA631B145D91D300113B4B /* Resources */,
				01AA631C145D91D300113B4B /* ShellScript */,
			);
			buildRules = (
			);
			dependencies = (
				01AA6324145D91D300113B4B /* PBXTargetDependency */,
			);
			name = "Share This SongTests";
			productName = "Share This SongTests";
			productReference = 01AA631E145D91D300113B4B /* Share This SongTests.octest */;
			productType = "com.apple.product-type.bundle";
		};
/* End PBXNativeTarget section */

/* Begin PBXProject section */
		01AA62EE145D91D200113B4B /* Project object */ = {
			isa = PBXProject;
			attributes = {
				LastUpgradeCheck = 0420;
				ORGANIZATIONNAME = Personal;
			};
			buildConfigurationList = 01AA62F1145D91D200113B4B /* Build configuration list for PBXProject "Share This Song" */;
			compatibilityVersion = "Xcode 3.2";
			developmentRegion = English;
			hasScannedForEncodings = 0;
			knownRegions = (
				en,
				fr,
			);
			mainGroup = 01AA62EC145D91D200113B4B;
			productRefGroup = 01AA62F8145D91D200113B4B /* Products */;
			projectDirPath = "";
			projectRoot = "";
			targets = (
				01AA62F6145D91D200113B4B /* Share This Song */,
				01AA631D145D91D300113B4B /* Share This SongTests */,
			);
		};
/* End PBXProject section */

/* Begin PBXResourcesBuildPhase section */
		01AA62F5145D91D200113B4B /* Resources */ = {
			isa = PBXResourcesBuildPhase;
			buildActionMask = 2147483647;
			files = (
				01AA6306145D91D200113B4B /* InfoPlist.strings in Resources */,
				01AA630F145D91D200113B4B /* MainStoryboard_iPhone.storyboard in Resources */,
				01AA6312145D91D200113B4B /* MainStoryboard_iPad.storyboard in Resources */,
				01AA6357145D9B0D00113B4B /* FBDialog.bundle in Resources */,
				01BBBFD8145F480F00458E7D /* fetch_ios_ghunit.rb in Resources */,
				01BBBFD9145F480F00458E7D /* fetch_mac_ghunit.rb in Resources */,
				01BBBFDA145F480F00458E7D /* set_version_number.rb in Resources */,
				01BBC000145F480F00458E7D /* README-GHUnit in Resources */,
				017CD8FD1465BA7A006832C8 /* Localizable.strings in Resources */,
				017CD90D1465D179006832C8 /* air-leather-iphone4.jpg in Resources */,
				017CD90E1465D179006832C8 /* ego_bg_ipad.png in Resources */,
				017CD90F1465D179006832C8 /* ego_bg_iphone4.png in Resources */,
				017CD9111465D179006832C8 /* Grey Button.png in Resources */,
				017CD9121465D179006832C8 /* Leather-Background-iPad.jpg in Resources */,
				017CD9131465D179006832C8 /* noArtworkImage.png in Resources */,
				01ADA2FC1465ED7600C59515 /* facebook-connect.png in Resources */,
				01FB80CF1468530B009A687E /* facebook8.png in Resources */,
				01A324481477D1880072D1BE /* Icon.png in Resources */,
				01A3244A1477D1980072D1BE /* Icon@2x.png in Resources */,
				01A3244C1477D1A50072D1BE /* Icon-72.png in Resources */,
			);
			runOnlyForDeploymentPostprocessing = 0;
		};
		01AA631B145D91D300113B4B /* Resources */ = {
			isa = PBXResourcesBuildPhase;
			buildActionMask = 2147483647;
			files = (
			);
			runOnlyForDeploymentPostprocessing = 0;
		};
/* End PBXResourcesBuildPhase section */

/* Begin PBXShellScriptBuildPhase section */
		01AA631C145D91D300113B4B /* ShellScript */ = {
			isa = PBXShellScriptBuildPhase;
			buildActionMask = 2147483647;
			files = (
			);
			inputPaths = (
			);
			outputPaths = (
			);
			runOnlyForDeploymentPostprocessing = 0;
			shellPath = /bin/sh;
			shellScript = "# Run the unit tests in this test bundle.\n\"${SYSTEM_DEVELOPER_DIR}/Tools/RunUnitTests\"\n";
		};
/* End PBXShellScriptBuildPhase section */

/* Begin PBXSourcesBuildPhase section */
		01AA62F3145D91D200113B4B /* Sources */ = {
			isa = PBXSourcesBuildPhase;
			buildActionMask = 2147483647;
			files = (
				01AA6308145D91D200113B4B /* main.m in Sources */,
				01FB80CB1468471B009A687E /* sharethissongAppDelegate.m in Sources */,
				017CD8F91465B862006832C8 /* sharethissongMainViewController.m in Sources */,
				01AA6318145D91D200113B4B /* sharethissongFlipsideViewController.m in Sources */,
				01AA6356145D9B0D00113B4B /* Facebook.m in Sources */,
				01AA6358145D9B0D00113B4B /* FBDialog.m in Sources */,
				01AA6359145D9B0D00113B4B /* FBLoginDialog.m in Sources */,
				01AA635A145D9B0D00113B4B /* FBRequest.m in Sources */,
				01AA635B145D9B0E00113B4B /* NSObject+SBJSON.m in Sources */,
				01AA635C145D9B0E00113B4B /* NSString+SBJSON.m in Sources */,
				01AA635D145D9B0E00113B4B /* SBJSON.m in Sources */,
				01AA635E145D9B0E00113B4B /* SBJsonBase.m in Sources */,
				01AA635F145D9B0E00113B4B /* SBJsonParser.m in Sources */,
				01AA6360145D9B0E00113B4B /* SBJsonWriter.m in Sources */,
				01BBBFDB145F480F00458E7D /* ASIAuthenticationDialog.m in Sources */,
				01BBBFDC145F480F00458E7D /* ASIDataCompressor.m in Sources */,
				01BBBFDD145F480F00458E7D /* ASIDataDecompressor.m in Sources */,
				01BBBFDE145F480F00458E7D /* ASIDownloadCache.m in Sources */,
				01BBBFDF145F480F00458E7D /* ASIFormDataRequest.m in Sources */,
				01BBBFE0145F480F00458E7D /* ASIHTTPRequest.m in Sources */,
				01BBBFE1145F480F00458E7D /* ASIInputStream.m in Sources */,
				01BBBFE2145F480F00458E7D /* ASINetworkQueue.m in Sources */,
				01BBC001145F480F00458E7D /* Reachability.m in Sources */,
			);
			runOnlyForDeploymentPostprocessing = 0;
		};
		01AA6319145D91D300113B4B /* Sources */ = {
			isa = PBXSourcesBuildPhase;
			buildActionMask = 2147483647;
			files = (
			);
			runOnlyForDeploymentPostprocessing = 0;
		};
/* End PBXSourcesBuildPhase section */

/* Begin PBXTargetDependency section */
		01AA6324145D91D300113B4B /* PBXTargetDependency */ = {
			isa = PBXTargetDependency;
			target = 01AA62F6145D91D200113B4B /* Share This Song */;
			targetProxy = 01AA6323145D91D300113B4B /* PBXContainerItemProxy */;
		};
/* End PBXTargetDependency section */

/* Begin PBXVariantGroup section */
		017CD8FF1465BA7A006832C8 /* Localizable.strings */ = {
			isa = PBXVariantGroup;
			children = (
				017CD8FE1465BA7A006832C8 /* en */,
				017CD9001465BA82006832C8 /* fr */,
			);
			name = Localizable.strings;
			sourceTree = "<group>";
		};
		01AA6304145D91D200113B4B /* InfoPlist.strings */ = {
			isa = PBXVariantGroup;
			children = (
				01AA6305145D91D200113B4B /* en */,
			);
			name = InfoPlist.strings;
			sourceTree = "<group>";
		};
		01AA630D145D91D200113B4B /* MainStoryboard_iPhone.storyboard */ = {
			isa = PBXVariantGroup;
			children = (
				01AA630E145D91D200113B4B /* en */,
			);
			name = MainStoryboard_iPhone.storyboard;
			sourceTree = "<group>";
		};
		01AA6310145D91D200113B4B /* MainStoryboard_iPad.storyboard */ = {
			isa = PBXVariantGroup;
			children = (
				01AA6311145D91D200113B4B /* en */,
			);
			name = MainStoryboard_iPad.storyboard;
			sourceTree = "<group>";
		};
/* End PBXVariantGroup section */

/* Begin XCBuildConfiguration section */
		01AA632E145D91D300113B4B /* Debug */ = {
			isa = XCBuildConfiguration;
			buildSettings = {
				ALWAYS_SEARCH_USER_PATHS = NO;
				ARCHS = "$(ARCHS_STANDARD_32_BIT)";
				CLANG_ENABLE_OBJC_ARC = YES;
				"CODE_SIGN_IDENTITY[sdk=iphoneos*]" = "iPhone Developer";
				COPY_PHASE_STRIP = NO;
				GCC_C_LANGUAGE_STANDARD = gnu99;
				GCC_DYNAMIC_NO_PIC = NO;
				GCC_OPTIMIZATION_LEVEL = 0;
				GCC_PREPROCESSOR_DEFINITIONS = (
					"DEBUG=1",
					"$(inherited)",
				);
				GCC_SYMBOLS_PRIVATE_EXTERN = NO;
				GCC_VERSION = com.apple.compilers.llvm.clang.1_0;
				GCC_WARN_ABOUT_MISSING_PROTOTYPES = YES;
				GCC_WARN_ABOUT_RETURN_TYPE = YES;
				GCC_WARN_UNUSED_VARIABLE = YES;
				IPHONEOS_DEPLOYMENT_TARGET = 5.0;
				SDKROOT = iphoneos;
				TARGETED_DEVICE_FAMILY = "1,2";
			};
			name = Debug;
		};
		01AA632F145D91D300113B4B /* Release */ = {
			isa = XCBuildConfiguration;
			buildSettings = {
				ALWAYS_SEARCH_USER_PATHS = NO;
				ARCHS = "$(ARCHS_STANDARD_32_BIT)";
				CLANG_ENABLE_OBJC_ARC = YES;
				"CODE_SIGN_IDENTITY[sdk=iphoneos*]" = "iPhone Developer";
				COPY_PHASE_STRIP = YES;
				GCC_C_LANGUAGE_STANDARD = gnu99;
				GCC_VERSION = com.apple.compilers.llvm.clang.1_0;
				GCC_WARN_ABOUT_MISSING_PROTOTYPES = YES;
				GCC_WARN_ABOUT_RETURN_TYPE = YES;
				GCC_WARN_UNUSED_VARIABLE = YES;
				IPHONEOS_DEPLOYMENT_TARGET = 5.0;
				OTHER_CFLAGS = "-DNS_BLOCK_ASSERTIONS=1";
				SDKROOT = iphoneos;
				TARGETED_DEVICE_FAMILY = "1,2";
				VALIDATE_PRODUCT = YES;
			};
			name = Release;
		};
		01AA6331145D91D300113B4B /* Debug */ = {
			isa = XCBuildConfiguration;
			buildSettings = {
				GCC_PRECOMPILE_PREFIX_HEADER = YES;
				GCC_PREFIX_HEADER = "Share This Song/Share This Song-Prefix.pch";
				INFOPLIST_FILE = "Share This Song/Share This Song-Info.plist";
				PRODUCT_NAME = "$(TARGET_NAME)";
				WRAPPER_EXTENSION = app;
			};
			name = Debug;
		};
		01AA6332145D91D300113B4B /* Release */ = {
			isa = XCBuildConfiguration;
			buildSettings = {
				GCC_PRECOMPILE_PREFIX_HEADER = YES;
				GCC_PREFIX_HEADER = "Share This Song/Share This Song-Prefix.pch";
				INFOPLIST_FILE = "Share This Song/Share This Song-Info.plist";
				PRODUCT_NAME = "$(TARGET_NAME)";
				WRAPPER_EXTENSION = app;
			};
			name = Release;
		};
		01AA6334145D91D300113B4B /* Debug */ = {
			isa = XCBuildConfiguration;
			buildSettings = {
				BUNDLE_LOADER = "$(BUILT_PRODUCTS_DIR)/Share This Song.app/Share This Song";
				FRAMEWORK_SEARCH_PATHS = (
					"$(SDKROOT)/Developer/Library/Frameworks",
					"$(DEVELOPER_LIBRARY_DIR)/Frameworks",
				);
				GCC_PRECOMPILE_PREFIX_HEADER = YES;
				GCC_PREFIX_HEADER = "Share This Song/Share This Song-Prefix.pch";
				INFOPLIST_FILE = "Share This SongTests/Share This SongTests-Info.plist";
				PRODUCT_NAME = "$(TARGET_NAME)";
				TEST_HOST = "$(BUNDLE_LOADER)";
				WRAPPER_EXTENSION = octest;
			};
			name = Debug;
		};
		01AA6335145D91D300113B4B /* Release */ = {
			isa = XCBuildConfiguration;
			buildSettings = {
				BUNDLE_LOADER = "$(BUILT_PRODUCTS_DIR)/Share This Song.app/Share This Song";
				FRAMEWORK_SEARCH_PATHS = (
					"$(SDKROOT)/Developer/Library/Frameworks",
					"$(DEVELOPER_LIBRARY_DIR)/Frameworks",
				);
				GCC_PRECOMPILE_PREFIX_HEADER = YES;
				GCC_PREFIX_HEADER = "Share This Song/Share This Song-Prefix.pch";
				INFOPLIST_FILE = "Share This SongTests/Share This SongTests-Info.plist";
				PRODUCT_NAME = "$(TARGET_NAME)";
				TEST_HOST = "$(BUNDLE_LOADER)";
				WRAPPER_EXTENSION = octest;
			};
			name = Release;
		};
/* End XCBuildConfiguration section */

/* Begin XCConfigurationList section */
		01AA62F1145D91D200113B4B /* Build configuration list for PBXProject "Share This Song" */ = {
			isa = XCConfigurationList;
			buildConfigurations = (
				01AA632E145D91D300113B4B /* Debug */,
				01AA632F145D91D300113B4B /* Release */,
			);
			defaultConfigurationIsVisible = 0;
			defaultConfigurationName = Release;
		};
		01AA6330145D91D300113B4B /* Build configuration list for PBXNativeTarget "Share This Song" */ = {
			isa = XCConfigurationList;
			buildConfigurations = (
				01AA6331145D91D300113B4B /* Debug */,
				01AA6332145D91D300113B4B /* Release */,
			);
			defaultConfigurationIsVisible = 0;
			defaultConfigurationName = Release;
		};
		01AA6333145D91D300113B4B /* Build configuration list for PBXNativeTarget "Share This SongTests" */ = {
			isa = XCConfigurationList;
			buildConfigurations = (
				01AA6334145D91D300113B4B /* Debug */,
				01AA6335145D91D300113B4B /* Release */,
			);
			defaultConfigurationIsVisible = 0;
			defaultConfigurationName = Release;
		};
/* End XCConfigurationList section */
	};
	rootObject = 01AA62EE145D91D200113B4B /* Project object */;
}
